
Microsoft Visual Studio Solution File, Format Version 12.00
# Visual Studio Version 17
VisualStudioVersion = 17.5.33424.131
MinimumVisualStudioVersion = 10.0.40219.1
Project("{2150E333-8FDC-42A3-9474-1A3956D46DE8}") = "Services", "Services", "{9C7AA02E-4986-4917-9C65-E2D8C4E4CE90}"
EndProject
Project("{2150E333-8FDC-42A3-9474-1A3956D46DE8}") = "Catalog", "Catalog", "{FC3CC11B-D7DF-4152-809F-42FB613A93DC}"
EndProject
Project("{9A19103F-16F7-4668-BE54-9A1E7A4F7556}") = "Catalog.API", "Services\Catalog\Catalog.API\Catalog.API.csproj", "{3D1918FD-A793-4795-87AD-F3F48A5F3A1F}"
EndProject
Project("{E53339B2-1760-4266-BCC7-CA923CBCF16C}") = "docker-compose", "docker-compose.dcproj", "{F4DEE956-D5C4-42DE-BDD8-65CC333BD9EF}"
EndProject
Project("{2150E333-8FDC-42A3-9474-1A3956D46DE8}") = "Basket", "Basket", "{313D189D-9FEC-428F-9717-8CC3A33040C0}"
EndProject
Project("{9A19103F-16F7-4668-BE54-9A1E7A4F7556}") = "Basket.API", "Services\Basket\Basket.API\Basket.API.csproj", "{0ED9E213-85D5-48DC-81F1-130E754488E5}"
EndProject
Project("{2150E333-8FDC-42A3-9474-1A3956D46DE8}") = "Discount", "Discount", "{7A685316-6413-4A32-A447-3EDA35547E29}"
EndProject
Project("{9A19103F-16F7-4668-BE54-9A1E7A4F7556}") = "Discount.API", "Services\Discount\Discount.API\Discount.API.csproj", "{E6B5BAFA-EEE8-4A85-AA46-6281159D9A19}"
EndProject
Project("{9A19103F-16F7-4668-BE54-9A1E7A4F7556}") = "Discount.Grpc", "Services\Discount\Discount.Grpc\Discount.Grpc.csproj", "{AB8C9A4D-1D04-4F1B-8DE8-679FDE77F8F1}"
EndProject
Project("{2150E333-8FDC-42A3-9474-1A3956D46DE8}") = "Ordering", "Ordering", "{12D938B9-B994-4B56-B216-1DEF9684A273}"
EndProject
Project("{9A19103F-16F7-4668-BE54-9A1E7A4F7556}") = "Ordering.API", "Services\Ordering\Ordering.API\Ordering.API.csproj", "{290CE92F-7367-4DF1-9772-D4A911D5F086}"
EndProject
Project("{9A19103F-16F7-4668-BE54-9A1E7A4F7556}") = "Ordering.Domain", "Services\Ordering\Ordering.Domain\Ordering.Domain.csproj", "{A75941A4-4F63-428E-ACF1-8AE44BCA16F3}"
EndProject
Project("{9A19103F-16F7-4668-BE54-9A1E7A4F7556}") = "Ordering.Application", "Services\Ordering\Ordering.Application\Ordering.Application.csproj", "{24E668C4-D420-4C15-B4B4-D58E4FEE603A}"
EndProject
Project("{9A19103F-16F7-4668-BE54-9A1E7A4F7556}") = "Ordering.Infrastructure", "Services\Ordering\Ordering.Infrastructure\Ordering.Infrastructure.csproj", "{BFEF0714-EBB5-47E8-9EF6-79ADDC3A9D83}"
EndProject
Project("{2150E333-8FDC-42A3-9474-1A3956D46DE8}") = "Testing", "Testing", "{4B9CE5BC-83E7-4F63-A2D2-9AE5665B1338}"
EndProject
Project("{9A19103F-16F7-4668-BE54-9A1E7A4F7556}") = "Windows-Docker", "Services\Testing\Windows-Docker\Windows-Docker.csproj", "{24ED94D4-8DA6-4C67-BBE7-F67257647F1B}"
EndProject
Project("{9A19103F-16F7-4668-BE54-9A1E7A4F7556}") = "Testing.API", "Services\Testing\Testing.API\Testing.API.csproj", "{104AF93A-8971-41F3-B9E8-F267D1B4EC52}"
EndProject
Project("{2150E333-8FDC-42A3-9474-1A3956D46DE8}") = "BuildingBlocks", "BuildingBlocks", "{89A448B6-796C-4732-9E0D-5EF1DAD3F29E}"
EndProject
Project("{FAE04EC0-301F-11D3-BF4B-00C04F79EFBC}") = "EventBus.Messages", "BuildingBlocks\EventBus.Messages\EventBus.Messages.csproj", "{4C59708D-D150-4800-94F5-30CD4873B36D}"
EndProject
Global
	GlobalSection(SolutionConfigurationPlatforms) = preSolution
		Debug|Any CPU = Debug|Any CPU
		Release|Any CPU = Release|Any CPU
	EndGlobalSection
	GlobalSection(ProjectConfigurationPlatforms) = postSolution
		{3D1918FD-A793-4795-87AD-F3F48A5F3A1F}.Debug|Any CPU.ActiveCfg = Debug|Any CPU
		{3D1918FD-A793-4795-87AD-F3F48A5F3A1F}.Debug|Any CPU.Build.0 = Debug|Any CPU
		{3D1918FD-A793-4795-87AD-F3F48A5F3A1F}.Release|Any CPU.ActiveCfg = Release|Any CPU
		{3D1918FD-A793-4795-87AD-F3F48A5F3A1F}.Release|Any CPU.Build.0 = Release|Any CPU
		{F4DEE956-D5C4-42DE-BDD8-65CC333BD9EF}.Debug|Any CPU.ActiveCfg = Debug|Any CPU
		{F4DEE956-D5C4-42DE-BDD8-65CC333BD9EF}.Debug|Any CPU.Build.0 = Debug|Any CPU
		{F4DEE956-D5C4-42DE-BDD8-65CC333BD9EF}.Release|Any CPU.ActiveCfg = Release|Any CPU
		{F4DEE956-D5C4-42DE-BDD8-65CC333BD9EF}.Release|Any CPU.Build.0 = Release|Any CPU
		{0ED9E213-85D5-48DC-81F1-130E754488E5}.Debug|Any CPU.ActiveCfg = Debug|Any CPU
		{0ED9E213-85D5-48DC-81F1-130E754488E5}.Debug|Any CPU.Build.0 = Debug|Any CPU
		{0ED9E213-85D5-48DC-81F1-130E754488E5}.Release|Any CPU.ActiveCfg = Release|Any CPU
		{0ED9E213-85D5-48DC-81F1-130E754488E5}.Release|Any CPU.Build.0 = Release|Any CPU
		{E6B5BAFA-EEE8-4A85-AA46-6281159D9A19}.Debug|Any CPU.ActiveCfg = Debug|Any CPU
		{E6B5BAFA-EEE8-4A85-AA46-6281159D9A19}.Debug|Any CPU.Build.0 = Debug|Any CPU
		{E6B5BAFA-EEE8-4A85-AA46-6281159D9A19}.Release|Any CPU.ActiveCfg = Release|Any CPU
		{E6B5BAFA-EEE8-4A85-AA46-6281159D9A19}.Release|Any CPU.Build.0 = Release|Any CPU
		{AB8C9A4D-1D04-4F1B-8DE8-679FDE77F8F1}.Debug|Any CPU.ActiveCfg = Debug|Any CPU
		{AB8C9A4D-1D04-4F1B-8DE8-679FDE77F8F1}.Debug|Any CPU.Build.0 = Debug|Any CPU
		{AB8C9A4D-1D04-4F1B-8DE8-679FDE77F8F1}.Release|Any CPU.ActiveCfg = Release|Any CPU
		{AB8C9A4D-1D04-4F1B-8DE8-679FDE77F8F1}.Release|Any CPU.Build.0 = Release|Any CPU
		{290CE92F-7367-4DF1-9772-D4A911D5F086}.Debug|Any CPU.ActiveCfg = Debug|Any CPU
		{290CE92F-7367-4DF1-9772-D4A911D5F086}.Debug|Any CPU.Build.0 = Debug|Any CPU
		{290CE92F-7367-4DF1-9772-D4A911D5F086}.Release|Any CPU.ActiveCfg = Release|Any CPU
		{290CE92F-7367-4DF1-9772-D4A911D5F086}.Release|Any CPU.Build.0 = Release|Any CPU
		{A75941A4-4F63-428E-ACF1-8AE44BCA16F3}.Debug|Any CPU.ActiveCfg = Debug|Any CPU
		{A75941A4-4F63-428E-ACF1-8AE44BCA16F3}.Debug|Any CPU.Build.0 = Debug|Any CPU
		{A75941A4-4F63-428E-ACF1-8AE44BCA16F3}.Release|Any CPU.ActiveCfg = Release|Any CPU
		{A75941A4-4F63-428E-ACF1-8AE44BCA16F3}.Release|Any CPU.Build.0 = Release|Any CPU
		{24E668C4-D420-4C15-B4B4-D58E4FEE603A}.Debug|Any CPU.ActiveCfg = Debug|Any CPU
		{24E668C4-D420-4C15-B4B4-D58E4FEE603A}.Debug|Any CPU.Build.0 = Debug|Any CPU
		{24E668C4-D420-4C15-B4B4-D58E4FEE603A}.Release|Any CPU.ActiveCfg = Release|Any CPU
		{24E668C4-D420-4C15-B4B4-D58E4FEE603A}.Release|Any CPU.Build.0 = Release|Any CPU
		{BFEF0714-EBB5-47E8-9EF6-79ADDC3A9D83}.Debug|Any CPU.ActiveCfg = Debug|Any CPU
		{BFEF0714-EBB5-47E8-9EF6-79ADDC3A9D83}.Debug|Any CPU.Build.0 = Debug|Any CPU
		{BFEF0714-EBB5-47E8-9EF6-79ADDC3A9D83}.Release|Any CPU.ActiveCfg = Release|Any CPU
		{BFEF0714-EBB5-47E8-9EF6-79ADDC3A9D83}.Release|Any CPU.Build.0 = Release|Any CPU
		{24ED94D4-8DA6-4C67-BBE7-F67257647F1B}.Debug|Any CPU.ActiveCfg = Debug|Any CPU
		{24ED94D4-8DA6-4C67-BBE7-F67257647F1B}.Debug|Any CPU.Build.0 = Debug|Any CPU
		{24ED94D4-8DA6-4C67-BBE7-F67257647F1B}.Release|Any CPU.ActiveCfg = Release|Any CPU
		{24ED94D4-8DA6-4C67-BBE7-F67257647F1B}.Release|Any CPU.Build.0 = Release|Any CPU
		{104AF93A-8971-41F3-B9E8-F267D1B4EC52}.Debug|Any CPU.ActiveCfg = Debug|Any CPU
		{104AF93A-8971-41F3-B9E8-F267D1B4EC52}.Debug|Any CPU.Build.0 = Debug|Any CPU
		{104AF93A-8971-41F3-B9E8-F267D1B4EC52}.Release|Any CPU.ActiveCfg = Release|Any CPU
		{104AF93A-8971-41F3-B9E8-F267D1B4EC52}.Release|Any CPU.Build.0 = Release|Any CPU
		{4C59708D-D150-4800-94F5-30CD4873B36D}.Debug|Any CPU.ActiveCfg = Debug|Any CPU
		{4C59708D-D150-4800-94F5-30CD4873B36D}.Debug|Any CPU.Build.0 = Debug|Any CPU
		{4C59708D-D150-4800-94F5-30CD4873B36D}.Release|Any CPU.ActiveCfg = Release|Any CPU
		{4C59708D-D150-4800-94F5-30CD4873B36D}.Release|Any CPU.Build.0 = Release|Any CPU
	EndGlobalSection
	GlobalSection(SolutionProperties) = preSolution
		HideSolutionNode = FALSE
	EndGlobalSection
	GlobalSection(NestedProjects) = preSolution
		{FC3CC11B-D7DF-4152-809F-42FB613A93DC} = {9C7AA02E-4986-4917-9C65-E2D8C4E4CE90}
		{3D1918FD-A793-4795-87AD-F3F48A5F3A1F} = {FC3CC11B-D7DF-4152-809F-42FB613A93DC}
		{313D189D-9FEC-428F-9717-8CC3A33040C0} = {9C7AA02E-4986-4917-9C65-E2D8C4E4CE90}
		{0ED9E213-85D5-48DC-81F1-130E754488E5} = {313D189D-9FEC-428F-9717-8CC3A33040C0}
		{7A685316-6413-4A32-A447-3EDA35547E29} = {9C7AA02E-4986-4917-9C65-E2D8C4E4CE90}
		{E6B5BAFA-EEE8-4A85-AA46-6281159D9A19} = {7A685316-6413-4A32-A447-3EDA35547E29}
		{AB8C9A4D-1D04-4F1B-8DE8-679FDE77F8F1} = {7A685316-6413-4A32-A447-3EDA35547E29}
		{12D938B9-B994-4B56-B216-1DEF9684A273} = {9C7AA02E-4986-4917-9C65-E2D8C4E4CE90}
		{290CE92F-7367-4DF1-9772-D4A911D5F086} = {12D938B9-B994-4B56-B216-1DEF9684A273}
		{A75941A4-4F63-428E-ACF1-8AE44BCA16F3} = {12D938B9-B994-4B56-B216-1DEF9684A273}
		{24E668C4-D420-4C15-B4B4-D58E4FEE603A} = {12D938B9-B994-4B56-B216-1DEF9684A273}
		{BFEF0714-EBB5-47E8-9EF6-79ADDC3A9D83} = {12D938B9-B994-4B56-B216-1DEF9684A273}
		{4B9CE5BC-83E7-4F63-A2D2-9AE5665B1338} = {9C7AA02E-4986-4917-9C65-E2D8C4E4CE90}
		{24ED94D4-8DA6-4C67-BBE7-F67257647F1B} = {4B9CE5BC-83E7-4F63-A2D2-9AE5665B1338}
		{104AF93A-8971-41F3-B9E8-F267D1B4EC52} = {4B9CE5BC-83E7-4F63-A2D2-9AE5665B1338}
		{4C59708D-D150-4800-94F5-30CD4873B36D} = {89A448B6-796C-4732-9E0D-5EF1DAD3F29E}
	EndGlobalSection
	GlobalSection(ExtensibilityGlobals) = postSolution
		SolutionGuid = {3DAFFD54-1378-4610-9423-974D6D35C20B}
	EndGlobalSection
EndGlobal
